// !$*UTF8*$!
{
	archiveVersion = 1;
	classes = {
	};
	objectVersion = 51;
	objects = {

/* Begin PBXBuildFile section */
		637A1B49BC212C002184F3E2 /* Pods_NextUp.framework in Frameworks */ = {isa = PBXBuildFile; fileRef = DD8615A58143C86894643458 /* Pods_NextUp.framework */; };
		820CAEF9DFEA685E5A4B891C /* Pods_NextUpTests.framework in Frameworks */ = {isa = PBXBuildFile; fileRef = 9BC8E0FB4AE12D61B89F7383 /* Pods_NextUpTests.framework */; };
		DF4015F926BA6593006917E5 /* SignUpView.swift in Sources */ = {isa = PBXBuildFile; fileRef = DF4015F826BA6593006917E5 /* SignUpView.swift */; };
		DF4015FB26BA6814006917E5 /* AppViewModel.swift in Sources */ = {isa = PBXBuildFile; fileRef = DF4015FA26BA6813006917E5 /* AppViewModel.swift */; };
		DF4015FE26BA68CC006917E5 /* SignedInView.swift in Sources */ = {isa = PBXBuildFile; fileRef = DF4015FD26BA68CC006917E5 /* SignedInView.swift */; };
		DF626EBE26BA4BE10039CB9B /* GoogleService-Info.plist in Resources */ = {isa = PBXBuildFile; fileRef = DF626EBD26BA4BE10039CB9B /* GoogleService-Info.plist */; };
		DF626EC226BA53E60039CB9B /* ContentView.swift in Sources */ = {isa = PBXBuildFile; fileRef = DF626EC126BA53E60039CB9B /* ContentView.swift */; };
		DF6631D126BA3D86003A6F4D /* NextUpApp.swift in Sources */ = {isa = PBXBuildFile; fileRef = DF6631D026BA3D86003A6F4D /* NextUpApp.swift */; };
		DF6631D326BA3D86003A6F4D /* SignInView.swift in Sources */ = {isa = PBXBuildFile; fileRef = DF6631D226BA3D86003A6F4D /* SignInView.swift */; };
		DF6631D526BA3D88003A6F4D /* Assets.xcassets in Resources */ = {isa = PBXBuildFile; fileRef = DF6631D426BA3D88003A6F4D /* Assets.xcassets */; };
		DF6631D826BA3D88003A6F4D /* Preview Assets.xcassets in Resources */ = {isa = PBXBuildFile; fileRef = DF6631D726BA3D88003A6F4D /* Preview Assets.xcassets */; };
		DF6631E326BA3D88003A6F4D /* NextUpTests.swift in Sources */ = {isa = PBXBuildFile; fileRef = DF6631E226BA3D88003A6F4D /* NextUpTests.swift */; };
		DF6631EE26BA3D88003A6F4D /* NextUpUITests.swift in Sources */ = {isa = PBXBuildFile; fileRef = DF6631ED26BA3D88003A6F4D /* NextUpUITests.swift */; };
		FA54D9C8E7FA96CFC323ED81 /* Pods_NextUp_NextUpUITests.framework in Frameworks */ = {isa = PBXBuildFile; fileRef = 0B0D2827B949A1DD9D577C12 /* Pods_NextUp_NextUpUITests.framework */; };
/* End PBXBuildFile section */

/* Begin PBXContainerItemProxy section */
		DF6631DF26BA3D88003A6F4D /* PBXContainerItemProxy */ = {
			isa = PBXContainerItemProxy;
			containerPortal = DF6631C526BA3D86003A6F4D /* Project object */;
			proxyType = 1;
			remoteGlobalIDString = DF6631CC26BA3D86003A6F4D;
			remoteInfo = NextUp;
		};
		DF6631EA26BA3D88003A6F4D /* PBXContainerItemProxy */ = {
			isa = PBXContainerItemProxy;
			containerPortal = DF6631C526BA3D86003A6F4D /* Project object */;
			proxyType = 1;
			remoteGlobalIDString = DF6631CC26BA3D86003A6F4D;
			remoteInfo = NextUp;
		};
/* End PBXContainerItemProxy section */

/* Begin PBXFileReference section */
		08A247620072B61AC04AE6A5 /* Pods-NextUpTests.release.xcconfig */ = {isa = PBXFileReference; includeInIndex = 1; lastKnownFileType = text.xcconfig; name = "Pods-NextUpTests.release.xcconfig"; path = "Target Support Files/Pods-NextUpTests/Pods-NextUpTests.release.xcconfig"; sourceTree = "<group>"; };
		0B0D2827B949A1DD9D577C12 /* Pods_NextUp_NextUpUITests.framework */ = {isa = PBXFileReference; explicitFileType = wrapper.framework; includeInIndex = 0; path = Pods_NextUp_NextUpUITests.framework; sourceTree = BUILT_PRODUCTS_DIR; };
		1D8F329022ECDB78B042FE35 /* Pods-NextUp.release.xcconfig */ = {isa = PBXFileReference; includeInIndex = 1; lastKnownFileType = text.xcconfig; name = "Pods-NextUp.release.xcconfig"; path = "Target Support Files/Pods-NextUp/Pods-NextUp.release.xcconfig"; sourceTree = "<group>"; };
		4D4068DB08216D539C9F515F /* Pods-NextUp-NextUpUITests.release.xcconfig */ = {isa = PBXFileReference; includeInIndex = 1; lastKnownFileType = text.xcconfig; name = "Pods-NextUp-NextUpUITests.release.xcconfig"; path = "Target Support Files/Pods-NextUp-NextUpUITests/Pods-NextUp-NextUpUITests.release.xcconfig"; sourceTree = "<group>"; };
		8144821CA2FBC67BD16B5C53 /* Pods-NextUp-NextUpUITests.debug.xcconfig */ = {isa = PBXFileReference; includeInIndex = 1; lastKnownFileType = text.xcconfig; name = "Pods-NextUp-NextUpUITests.debug.xcconfig"; path = "Target Support Files/Pods-NextUp-NextUpUITests/Pods-NextUp-NextUpUITests.debug.xcconfig"; sourceTree = "<group>"; };
		9BC8E0FB4AE12D61B89F7383 /* Pods_NextUpTests.framework */ = {isa = PBXFileReference; explicitFileType = wrapper.framework; includeInIndex = 0; path = Pods_NextUpTests.framework; sourceTree = BUILT_PRODUCTS_DIR; };
		AB8E57B1E7E2C792553E321D /* Pods-NextUp.debug.xcconfig */ = {isa = PBXFileReference; includeInIndex = 1; lastKnownFileType = text.xcconfig; name = "Pods-NextUp.debug.xcconfig"; path = "Target Support Files/Pods-NextUp/Pods-NextUp.debug.xcconfig"; sourceTree = "<group>"; };
		C81BAF199A1BAE1F39AC524A /* Pods-NextUpTests.debug.xcconfig */ = {isa = PBXFileReference; includeInIndex = 1; lastKnownFileType = text.xcconfig; name = "Pods-NextUpTests.debug.xcconfig"; path = "Target Support Files/Pods-NextUpTests/Pods-NextUpTests.debug.xcconfig"; sourceTree = "<group>"; };
		DD8615A58143C86894643458 /* Pods_NextUp.framework */ = {isa = PBXFileReference; explicitFileType = wrapper.framework; includeInIndex = 0; path = Pods_NextUp.framework; sourceTree = BUILT_PRODUCTS_DIR; };
		DF4015F826BA6593006917E5 /* SignUpView.swift */ = {isa = PBXFileReference; lastKnownFileType = sourcecode.swift; path = SignUpView.swift; sourceTree = "<group>"; };
		DF4015FA26BA6813006917E5 /* AppViewModel.swift */ = {isa = PBXFileReference; lastKnownFileType = sourcecode.swift; name = AppViewModel.swift; path = /Users/andron/Desktop/NextUp/NextUp/AppViewModel.swift; sourceTree = "<absolute>"; };
		DF4015FD26BA68CC006917E5 /* SignedInView.swift */ = {isa = PBXFileReference; lastKnownFileType = sourcecode.swift; path = SignedInView.swift; sourceTree = "<group>"; };
		DF626EBD26BA4BE10039CB9B /* GoogleService-Info.plist */ = {isa = PBXFileReference; fileEncoding = 4; lastKnownFileType = text.plist.xml; path = "GoogleService-Info.plist"; sourceTree = "<group>"; };
		DF626EC126BA53E60039CB9B /* ContentView.swift */ = {isa = PBXFileReference; lastKnownFileType = sourcecode.swift; path = ContentView.swift; sourceTree = "<group>"; };
		DF6631CD26BA3D86003A6F4D /* NextUp.app */ = {isa = PBXFileReference; explicitFileType = wrapper.application; includeInIndex = 0; path = NextUp.app; sourceTree = BUILT_PRODUCTS_DIR; };
		DF6631D026BA3D86003A6F4D /* NextUpApp.swift */ = {isa = PBXFileReference; lastKnownFileType = sourcecode.swift; path = NextUpApp.swift; sourceTree = "<group>"; };
		DF6631D226BA3D86003A6F4D /* SignInView.swift */ = {isa = PBXFileReference; lastKnownFileType = sourcecode.swift; path = SignInView.swift; sourceTree = "<group>"; };
		DF6631D426BA3D88003A6F4D /* Assets.xcassets */ = {isa = PBXFileReference; lastKnownFileType = folder.assetcatalog; path = Assets.xcassets; sourceTree = "<group>"; };
		DF6631D726BA3D88003A6F4D /* Preview Assets.xcassets */ = {isa = PBXFileReference; lastKnownFileType = folder.assetcatalog; path = "Preview Assets.xcassets"; sourceTree = "<group>"; };
		DF6631D926BA3D88003A6F4D /* Info.plist */ = {isa = PBXFileReference; lastKnownFileType = text.plist.xml; path = Info.plist; sourceTree = "<group>"; };
		DF6631DE26BA3D88003A6F4D /* NextUpTests.xctest */ = {isa = PBXFileReference; explicitFileType = wrapper.cfbundle; includeInIndex = 0; path = NextUpTests.xctest; sourceTree = BUILT_PRODUCTS_DIR; };
		DF6631E226BA3D88003A6F4D /* NextUpTests.swift */ = {isa = PBXFileReference; lastKnownFileType = sourcecode.swift; path = NextUpTests.swift; sourceTree = "<group>"; };
		DF6631E426BA3D88003A6F4D /* Info.plist */ = {isa = PBXFileReference; lastKnownFileType = text.plist.xml; path = Info.plist; sourceTree = "<group>"; };
		DF6631E926BA3D88003A6F4D /* NextUpUITests.xctest */ = {isa = PBXFileReference; explicitFileType = wrapper.cfbundle; includeInIndex = 0; path = NextUpUITests.xctest; sourceTree = BUILT_PRODUCTS_DIR; };
		DF6631ED26BA3D88003A6F4D /* NextUpUITests.swift */ = {isa = PBXFileReference; lastKnownFileType = sourcecode.swift; path = NextUpUITests.swift; sourceTree = "<group>"; };
		DF6631EF26BA3D88003A6F4D /* Info.plist */ = {isa = PBXFileReference; lastKnownFileType = text.plist.xml; path = Info.plist; sourceTree = "<group>"; };
/* End PBXFileReference section */

/* Begin PBXFrameworksBuildPhase section */
		DF6631CA26BA3D86003A6F4D /* Frameworks */ = {
			isa = PBXFrameworksBuildPhase;
			buildActionMask = 2147483647;
			files = (
				637A1B49BC212C002184F3E2 /* Pods_NextUp.framework in Frameworks */,
			);
			runOnlyForDeploymentPostprocessing = 0;
		};
		DF6631DB26BA3D88003A6F4D /* Frameworks */ = {
			isa = PBXFrameworksBuildPhase;
			buildActionMask = 2147483647;
			files = (
				820CAEF9DFEA685E5A4B891C /* Pods_NextUpTests.framework in Frameworks */,
			);
			runOnlyForDeploymentPostprocessing = 0;
		};
		DF6631E626BA3D88003A6F4D /* Frameworks */ = {
			isa = PBXFrameworksBuildPhase;
			buildActionMask = 2147483647;
			files = (
				FA54D9C8E7FA96CFC323ED81 /* Pods_NextUp_NextUpUITests.framework in Frameworks */,
			);
			runOnlyForDeploymentPostprocessing = 0;
		};
/* End PBXFrameworksBuildPhase section */

/* Begin PBXGroup section */
		5A8ED6059BF77A0149C28243 /* Frameworks */ = {
			isa = PBXGroup;
			children = (
				DD8615A58143C86894643458 /* Pods_NextUp.framework */,
				0B0D2827B949A1DD9D577C12 /* Pods_NextUp_NextUpUITests.framework */,
				9BC8E0FB4AE12D61B89F7383 /* Pods_NextUpTests.framework */,
			);
			name = Frameworks;
			sourceTree = "<group>";
		};
		6824EA7902281C4177D87EDC /* Pods */ = {
			isa = PBXGroup;
			children = (
				AB8E57B1E7E2C792553E321D /* Pods-NextUp.debug.xcconfig */,
				1D8F329022ECDB78B042FE35 /* Pods-NextUp.release.xcconfig */,
				8144821CA2FBC67BD16B5C53 /* Pods-NextUp-NextUpUITests.debug.xcconfig */,
				4D4068DB08216D539C9F515F /* Pods-NextUp-NextUpUITests.release.xcconfig */,
				C81BAF199A1BAE1F39AC524A /* Pods-NextUpTests.debug.xcconfig */,
				08A247620072B61AC04AE6A5 /* Pods-NextUpTests.release.xcconfig */,
			);
			path = Pods;
			sourceTree = "<group>";
		};
		DF4015FC26BA6818006917E5 /* ViewModels */ = {
			isa = PBXGroup;
			children = (
				DF4015FA26BA6813006917E5 /* AppViewModel.swift */,
			);
			path = ViewModels;
			sourceTree = "<group>";
		};
		DF6631C426BA3D86003A6F4D = {
			isa = PBXGroup;
			children = (
				DF6631CF26BA3D86003A6F4D /* NextUp */,
				DF6631E126BA3D88003A6F4D /* NextUpTests */,
				DF6631EC26BA3D88003A6F4D /* NextUpUITests */,
				DF6631CE26BA3D86003A6F4D /* Products */,
				6824EA7902281C4177D87EDC /* Pods */,
				5A8ED6059BF77A0149C28243 /* Frameworks */,
			);
			sourceTree = "<group>";
		};
		DF6631CE26BA3D86003A6F4D /* Products */ = {
			isa = PBXGroup;
			children = (
				DF6631CD26BA3D86003A6F4D /* NextUp.app */,
				DF6631DE26BA3D88003A6F4D /* NextUpTests.xctest */,
				DF6631E926BA3D88003A6F4D /* NextUpUITests.xctest */,
			);
			name = Products;
			sourceTree = "<group>";
		};
		DF6631CF26BA3D86003A6F4D /* NextUp */ = {
			isa = PBXGroup;
			children = (
				DF6631D026BA3D86003A6F4D /* NextUpApp.swift */,
				DF4015FC26BA6818006917E5 /* ViewModels */,
				DF6631FB26BA3D8F003A6F4D /* Views */,
				DF6631D426BA3D88003A6F4D /* Assets.xcassets */,
				DF626EBD26BA4BE10039CB9B /* GoogleService-Info.plist */,
				DF6631D926BA3D88003A6F4D /* Info.plist */,
				DF6631D626BA3D88003A6F4D /* Preview Content */,
			);
			path = NextUp;
			sourceTree = "<group>";
		};
		DF6631D626BA3D88003A6F4D /* Preview Content */ = {
			isa = PBXGroup;
			children = (
				DF6631D726BA3D88003A6F4D /* Preview Assets.xcassets */,
			);
			path = "Preview Content";
			sourceTree = "<group>";
		};
		DF6631E126BA3D88003A6F4D /* NextUpTests */ = {
			isa = PBXGroup;
			children = (
				DF6631E226BA3D88003A6F4D /* NextUpTests.swift */,
				DF6631E426BA3D88003A6F4D /* Info.plist */,
			);
			path = NextUpTests;
			sourceTree = "<group>";
		};
		DF6631EC26BA3D88003A6F4D /* NextUpUITests */ = {
			isa = PBXGroup;
			children = (
				DF6631ED26BA3D88003A6F4D /* NextUpUITests.swift */,
				DF6631EF26BA3D88003A6F4D /* Info.plist */,
			);
			path = NextUpUITests;
			sourceTree = "<group>";
		};
		DF6631FB26BA3D8F003A6F4D /* Views */ = {
			isa = PBXGroup;
			children = (
				DF6631D226BA3D86003A6F4D /* SignInView.swift */,
				DF4015FD26BA68CC006917E5 /* SignedInView.swift */,
				DF4015F826BA6593006917E5 /* SignUpView.swift */,
				DF626EC126BA53E60039CB9B /* ContentView.swift */,
			);
			path = Views;
			sourceTree = "<group>";
		};
/* End PBXGroup section */

/* Begin PBXNativeTarget section */
		DF6631CC26BA3D86003A6F4D /* NextUp */ = {
			isa = PBXNativeTarget;
			buildConfigurationList = DF6631F226BA3D88003A6F4D /* Build configuration list for PBXNativeTarget "NextUp" */;
			buildPhases = (
				A0FC902E4BBB7CB9DD889E46 /* [CP] Check Pods Manifest.lock */,
				DF6631C926BA3D86003A6F4D /* Sources */,
				DF6631CA26BA3D86003A6F4D /* Frameworks */,
				DF6631CB26BA3D86003A6F4D /* Resources */,
				58DE06D08051632351DBA4A6 /* [CP] Embed Pods Frameworks */,
			);
			buildRules = (
			);
			dependencies = (
			);
			name = NextUp;
			productName = NextUp;
			productReference = DF6631CD26BA3D86003A6F4D /* NextUp.app */;
			productType = "com.apple.product-type.application";
		};
		DF6631DD26BA3D88003A6F4D /* NextUpTests */ = {
			isa = PBXNativeTarget;
			buildConfigurationList = DF6631F526BA3D88003A6F4D /* Build configuration list for PBXNativeTarget "NextUpTests" */;
			buildPhases = (
				B7FBDECEC1D637C59CC93C96 /* [CP] Check Pods Manifest.lock */,
				DF6631DA26BA3D88003A6F4D /* Sources */,
				DF6631DB26BA3D88003A6F4D /* Frameworks */,
				DF6631DC26BA3D88003A6F4D /* Resources */,
			);
			buildRules = (
			);
			dependencies = (
				DF6631E026BA3D88003A6F4D /* PBXTargetDependency */,
			);
			name = NextUpTests;
			productName = NextUpTests;
			productReference = DF6631DE26BA3D88003A6F4D /* NextUpTests.xctest */;
			productType = "com.apple.product-type.bundle.unit-test";
		};
		DF6631E826BA3D88003A6F4D /* NextUpUITests */ = {
			isa = PBXNativeTarget;
			buildConfigurationList = DF6631F826BA3D88003A6F4D /* Build configuration list for PBXNativeTarget "NextUpUITests" */;
			buildPhases = (
				36EBEEC56A74BDA6E2E6E3BA /* [CP] Check Pods Manifest.lock */,
				DF6631E526BA3D88003A6F4D /* Sources */,
				DF6631E626BA3D88003A6F4D /* Frameworks */,
				DF6631E726BA3D88003A6F4D /* Resources */,
				B8C3B8AB736F5027274F8E72 /* [CP] Embed Pods Frameworks */,
			);
			buildRules = (
			);
			dependencies = (
				DF6631EB26BA3D88003A6F4D /* PBXTargetDependency */,
			);
			name = NextUpUITests;
			productName = NextUpUITests;
			productReference = DF6631E926BA3D88003A6F4D /* NextUpUITests.xctest */;
			productType = "com.apple.product-type.bundle.ui-testing";
		};
/* End PBXNativeTarget section */

/* Begin PBXProject section */
		DF6631C526BA3D86003A6F4D /* Project object */ = {
			isa = PBXProject;
			attributes = {
				LastSwiftUpdateCheck = 1250;
				LastUpgradeCheck = 1250;
				TargetAttributes = {
					DF6631CC26BA3D86003A6F4D = {
						CreatedOnToolsVersion = 12.5.1;
					};
					DF6631DD26BA3D88003A6F4D = {
						CreatedOnToolsVersion = 12.5.1;
						TestTargetID = DF6631CC26BA3D86003A6F4D;
					};
					DF6631E826BA3D88003A6F4D = {
						CreatedOnToolsVersion = 12.5.1;
						TestTargetID = DF6631CC26BA3D86003A6F4D;
					};
				};
			};
			buildConfigurationList = DF6631C826BA3D86003A6F4D /* Build configuration list for PBXProject "NextUp" */;
			compatibilityVersion = "Xcode 9.3";
			developmentRegion = en;
			hasScannedForEncodings = 0;
			knownRegions = (
				en,
				Base,
			);
			mainGroup = DF6631C426BA3D86003A6F4D;
			productRefGroup = DF6631CE26BA3D86003A6F4D /* Products */;
			projectDirPath = "";
			projectRoot = "";
			targets = (
				DF6631CC26BA3D86003A6F4D /* NextUp */,
				DF6631DD26BA3D88003A6F4D /* NextUpTests */,
				DF6631E826BA3D88003A6F4D /* NextUpUITests */,
			);
		};
/* End PBXProject section */

/* Begin PBXResourcesBuildPhase section */
		DF6631CB26BA3D86003A6F4D /* Resources */ = {
			isa = PBXResourcesBuildPhase;
			buildActionMask = 2147483647;
			files = (
				DF6631D826BA3D88003A6F4D /* Preview Assets.xcassets in Resources */,
				DF6631D526BA3D88003A6F4D /* Assets.xcassets in Resources */,
				DF626EBE26BA4BE10039CB9B /* GoogleService-Info.plist in Resources */,
			);
			runOnlyForDeploymentPostprocessing = 0;
		};
		DF6631DC26BA3D88003A6F4D /* Resources */ = {
			isa = PBXResourcesBuildPhase;
			buildActionMask = 2147483647;
			files = (
			);
			runOnlyForDeploymentPostprocessing = 0;
		};
		DF6631E726BA3D88003A6F4D /* Resources */ = {
			isa = PBXResourcesBuildPhase;
			buildActionMask = 2147483647;
			files = (
			);
			runOnlyForDeploymentPostprocessing = 0;
		};
/* End PBXResourcesBuildPhase section */

/* Begin PBXShellScriptBuildPhase section */
		36EBEEC56A74BDA6E2E6E3BA /* [CP] Check Pods Manifest.lock */ = {
			isa = PBXShellScriptBuildPhase;
			buildActionMask = 2147483647;
			files = (
			);
			inputFileListPaths = (
			);
			inputPaths = (
				"${PODS_PODFILE_DIR_PATH}/Podfile.lock",
				"${PODS_ROOT}/Manifest.lock",
			);
			name = "[CP] Check Pods Manifest.lock";
			outputFileListPaths = (
			);
			outputPaths = (
				"$(DERIVED_FILE_DIR)/Pods-NextUp-NextUpUITests-checkManifestLockResult.txt",
			);
			runOnlyForDeploymentPostprocessing = 0;
			shellPath = /bin/sh;
			shellScript = "diff \"${PODS_PODFILE_DIR_PATH}/Podfile.lock\" \"${PODS_ROOT}/Manifest.lock\" > /dev/null\nif [ $? != 0 ] ; then\n    # print error to STDERR\n    echo \"error: The sandbox is not in sync with the Podfile.lock. Run 'pod install' or update your CocoaPods installation.\" >&2\n    exit 1\nfi\n# This output is used by Xcode 'outputs' to avoid re-running this script phase.\necho \"SUCCESS\" > \"${SCRIPT_OUTPUT_FILE_0}\"\n";
			showEnvVarsInLog = 0;
		};
		58DE06D08051632351DBA4A6 /* [CP] Embed Pods Frameworks */ = {
			isa = PBXShellScriptBuildPhase;
			buildActionMask = 2147483647;
			files = (
			);
			inputFileListPaths = (
				"${PODS_ROOT}/Target Support Files/Pods-NextUp/Pods-NextUp-frameworks-${CONFIGURATION}-input-files.xcfilelist",
			);
			name = "[CP] Embed Pods Frameworks";
			outputFileListPaths = (
				"${PODS_ROOT}/Target Support Files/Pods-NextUp/Pods-NextUp-frameworks-${CONFIGURATION}-output-files.xcfilelist",
			);
			runOnlyForDeploymentPostprocessing = 0;
			shellPath = /bin/sh;
			shellScript = "\"${PODS_ROOT}/Target Support Files/Pods-NextUp/Pods-NextUp-frameworks.sh\"\n";
			showEnvVarsInLog = 0;
		};
		A0FC902E4BBB7CB9DD889E46 /* [CP] Check Pods Manifest.lock */ = {
			isa = PBXShellScriptBuildPhase;
			buildActionMask = 2147483647;
			files = (
			);
			inputFileListPaths = (
			);
			inputPaths = (
				"${PODS_PODFILE_DIR_PATH}/Podfile.lock",
				"${PODS_ROOT}/Manifest.lock",
			);
			name = "[CP] Check Pods Manifest.lock";
			outputFileListPaths = (
			);
			outputPaths = (
				"$(DERIVED_FILE_DIR)/Pods-NextUp-checkManifestLockResult.txt",
			);
			runOnlyForDeploymentPostprocessing = 0;
			shellPath = /bin/sh;
			shellScript = "diff \"${PODS_PODFILE_DIR_PATH}/Podfile.lock\" \"${PODS_ROOT}/Manifest.lock\" > /dev/null\nif [ $? != 0 ] ; then\n    # print error to STDERR\n    echo \"error: The sandbox is not in sync with the Podfile.lock. Run 'pod install' or update your CocoaPods installation.\" >&2\n    exit 1\nfi\n# This output is used by Xcode 'outputs' to avoid re-running this script phase.\necho \"SUCCESS\" > \"${SCRIPT_OUTPUT_FILE_0}\"\n";
			showEnvVarsInLog = 0;
		};
		B7FBDECEC1D637C59CC93C96 /* [CP] Check Pods Manifest.lock */ = {
			isa = PBXShellScriptBuildPhase;
			buildActionMask = 2147483647;
			files = (
			);
			inputFileListPaths = (
			);
			inputPaths = (
				"${PODS_PODFILE_DIR_PATH}/Podfile.lock",
				"${PODS_ROOT}/Manifest.lock",
			);
			name = "[CP] Check Pods Manifest.lock";
			outputFileListPaths = (
			);
			outputPaths = (
				"$(DERIVED_FILE_DIR)/Pods-NextUpTests-checkManifestLockResult.txt",
			);
			runOnlyForDeploymentPostprocessing = 0;
			shellPath = /bin/sh;
			shellScript = "diff \"${PODS_PODFILE_DIR_PATH}/Podfile.lock\" \"${PODS_ROOT}/Manifest.lock\" > /dev/null\nif [ $? != 0 ] ; then\n    # print error to STDERR\n    echo \"error: The sandbox is not in sync with the Podfile.lock. Run 'pod install' or update your CocoaPods installation.\" >&2\n    exit 1\nfi\n# This output is used by Xcode 'outputs' to avoid re-running this script phase.\necho \"SUCCESS\" > \"${SCRIPT_OUTPUT_FILE_0}\"\n";
			showEnvVarsInLog = 0;
		};
		B8C3B8AB736F5027274F8E72 /* [CP] Embed Pods Frameworks */ = {
			isa = PBXShellScriptBuildPhase;
			buildActionMask = 2147483647;
			files = (
			);
			inputFileListPaths = (
				"${PODS_ROOT}/Target Support Files/Pods-NextUp-NextUpUITests/Pods-NextUp-NextUpUITests-frameworks-${CONFIGURATION}-input-files.xcfilelist",
			);
			name = "[CP] Embed Pods Frameworks";
			outputFileListPaths = (
				"${PODS_ROOT}/Target Support Files/Pods-NextUp-NextUpUITests/Pods-NextUp-NextUpUITests-frameworks-${CONFIGURATION}-output-files.xcfilelist",
			);
			runOnlyForDeploymentPostprocessing = 0;
			shellPath = /bin/sh;
			shellScript = "\"${PODS_ROOT}/Target Support Files/Pods-NextUp-NextUpUITests/Pods-NextUp-NextUpUITests-frameworks.sh\"\n";
			showEnvVarsInLog = 0;
		};
/* End PBXShellScriptBuildPhase section */

/* Begin PBXSourcesBuildPhase section */
		DF6631C926BA3D86003A6F4D /* Sources */ = {
			isa = PBXSourcesBuildPhase;
			buildActionMask = 2147483647;
			files = (
				DF4015FB26BA6814006917E5 /* AppViewModel.swift in Sources */,
				DF4015F926BA6593006917E5 /* SignUpView.swift in Sources */,
				DF6631D326BA3D86003A6F4D /* SignInView.swift in Sources */,
				DF4015FE26BA68CC006917E5 /* SignedInView.swift in Sources */,
				DF6631D126BA3D86003A6F4D /* NextUpApp.swift in Sources */,
				DF626EC226BA53E60039CB9B /* ContentView.swift in Sources */,
			);
			runOnlyForDeploymentPostprocessing = 0;
		};
		DF6631DA26BA3D88003A6F4D /* Sources */ = {
			isa = PBXSourcesBuildPhase;
			buildActionMask = 2147483647;
			files = (
				DF6631E326BA3D88003A6F4D /* NextUpTests.swift in Sources */,
			);
			runOnlyForDeploymentPostprocessing = 0;
		};
		DF6631E526BA3D88003A6F4D /* Sources */ = {
			isa = PBXSourcesBuildPhase;
			buildActionMask = 2147483647;
			files = (
				DF6631EE26BA3D88003A6F4D /* NextUpUITests.swift in Sources */,
			);
			runOnlyForDeploymentPostprocessing = 0;
		};
/* End PBXSourcesBuildPhase section */

/* Begin PBXTargetDependency section */
		DF6631E026BA3D88003A6F4D /* PBXTargetDependency */ = {
			isa = PBXTargetDependency;
			target = DF6631CC26BA3D86003A6F4D /* NextUp */;
			targetProxy = DF6631DF26BA3D88003A6F4D /* PBXContainerItemProxy */;
		};
		DF6631EB26BA3D88003A6F4D /* PBXTargetDependency */ = {
			isa = PBXTargetDependency;
			target = DF6631CC26BA3D86003A6F4D /* NextUp */;
			targetProxy = DF6631EA26BA3D88003A6F4D /* PBXContainerItemProxy */;
		};
/* End PBXTargetDependency section */

/* Begin XCBuildConfiguration section */
		DF6631F026BA3D88003A6F4D /* Debug */ = {
			isa = XCBuildConfiguration;
			buildSettings = {
				ALWAYS_SEARCH_USER_PATHS = NO;
				CLANG_ANALYZER_NONNULL = YES;
				CLANG_ANALYZER_NUMBER_OBJECT_CONVERSION = YES_AGGRESSIVE;
				CLANG_CXX_LANGUAGE_STANDARD = "gnu++14";
				CLANG_CXX_LIBRARY = "libc++";
				CLANG_ENABLE_MODULES = YES;
				CLANG_ENABLE_OBJC_ARC = YES;
				CLANG_ENABLE_OBJC_WEAK = YES;
				CLANG_WARN_BLOCK_CAPTURE_AUTORELEASING = YES;
				CLANG_WARN_BOOL_CONVERSION = YES;
				CLANG_WARN_COMMA = YES;
				CLANG_WARN_CONSTANT_CONVERSION = YES;
				CLANG_WARN_DEPRECATED_OBJC_IMPLEMENTATIONS = YES;
				CLANG_WARN_DIRECT_OBJC_ISA_USAGE = YES_ERROR;
				CLANG_WARN_DOCUMENTATION_COMMENTS = YES;
				CLANG_WARN_EMPTY_BODY = YES;
				CLANG_WARN_ENUM_CONVERSION = YES;
				CLANG_WARN_INFINITE_RECURSION = YES;
				CLANG_WARN_INT_CONVERSION = YES;
				CLANG_WARN_NON_LITERAL_NULL_CONVERSION = YES;
				CLANG_WARN_OBJC_IMPLICIT_RETAIN_SELF = YES;
				CLANG_WARN_OBJC_LITERAL_CONVERSION = YES;
				CLANG_WARN_OBJC_ROOT_CLASS = YES_ERROR;
				CLANG_WARN_QUOTED_INCLUDE_IN_FRAMEWORK_HEADER = YES;
				CLANG_WARN_RANGE_LOOP_ANALYSIS = YES;
				CLANG_WARN_STRICT_PROTOTYPES = YES;
				CLANG_WARN_SUSPICIOUS_MOVE = YES;
				CLANG_WARN_UNGUARDED_AVAILABILITY = YES_AGGRESSIVE;
				CLANG_WARN_UNREACHABLE_CODE = YES;
				CLANG_WARN__DUPLICATE_METHOD_MATCH = YES;
				COPY_PHASE_STRIP = NO;
				DEBUG_INFORMATION_FORMAT = dwarf;
				ENABLE_STRICT_OBJC_MSGSEND = YES;
				ENABLE_TESTABILITY = YES;
				GCC_C_LANGUAGE_STANDARD = gnu11;
				GCC_DYNAMIC_NO_PIC = NO;
				GCC_NO_COMMON_BLOCKS = YES;
				GCC_OPTIMIZATION_LEVEL = 0;
				GCC_PREPROCESSOR_DEFINITIONS = (
					"DEBUG=1",
					"$(inherited)",
				);
				GCC_WARN_64_TO_32_BIT_CONVERSION = YES;
				GCC_WARN_ABOUT_RETURN_TYPE = YES_ERROR;
				GCC_WARN_UNDECLARED_SELECTOR = YES;
				GCC_WARN_UNINITIALIZED_AUTOS = YES_AGGRESSIVE;
				GCC_WARN_UNUSED_FUNCTION = YES;
				GCC_WARN_UNUSED_VARIABLE = YES;
				IPHONEOS_DEPLOYMENT_TARGET = 14.5;
				MTL_ENABLE_DEBUG_INFO = INCLUDE_SOURCE;
				MTL_FAST_MATH = YES;
				ONLY_ACTIVE_ARCH = YES;
				SDKROOT = iphoneos;
				SWIFT_ACTIVE_COMPILATION_CONDITIONS = DEBUG;
				SWIFT_OPTIMIZATION_LEVEL = "-Onone";
			};
			name = Debug;
		};
		DF6631F126BA3D88003A6F4D /* Release */ = {
			isa = XCBuildConfiguration;
			buildSettings = {
				ALWAYS_SEARCH_USER_PATHS = NO;
				CLANG_ANALYZER_NONNULL = YES;
				CLANG_ANALYZER_NUMBER_OBJECT_CONVERSION = YES_AGGRESSIVE;
				CLANG_CXX_LANGUAGE_STANDARD = "gnu++14";
				CLANG_CXX_LIBRARY = "libc++";
				CLANG_ENABLE_MODULES = YES;
				CLANG_ENABLE_OBJC_ARC = YES;
				CLANG_ENABLE_OBJC_WEAK = YES;
				CLANG_WARN_BLOCK_CAPTURE_AUTORELEASING = YES;
				CLANG_WARN_BOOL_CONVERSION = YES;
				CLANG_WARN_COMMA = YES;
				CLANG_WARN_CONSTANT_CONVERSION = YES;
				CLANG_WARN_DEPRECATED_OBJC_IMPLEMENTATIONS = YES;
				CLANG_WARN_DIRECT_OBJC_ISA_USAGE = YES_ERROR;
				CLANG_WARN_DOCUMENTATION_COMMENTS = YES;
				CLANG_WARN_EMPTY_BODY = YES;
				CLANG_WARN_ENUM_CONVERSION = YES;
				CLANG_WARN_INFINITE_RECURSION = YES;
				CLANG_WARN_INT_CONVERSION = YES;
				CLANG_WARN_NON_LITERAL_NULL_CONVERSION = YES;
				CLANG_WARN_OBJC_IMPLICIT_RETAIN_SELF = YES;
				CLANG_WARN_OBJC_LITERAL_CONVERSION = YES;
				CLANG_WARN_OBJC_ROOT_CLASS = YES_ERROR;
				CLANG_WARN_QUOTED_INCLUDE_IN_FRAMEWORK_HEADER = YES;
				CLANG_WARN_RANGE_LOOP_ANALYSIS = YES;
				CLANG_WARN_STRICT_PROTOTYPES = YES;
				CLANG_WARN_SUSPICIOUS_MOVE = YES;
				CLANG_WARN_UNGUARDED_AVAILABILITY = YES_AGGRESSIVE;
				CLANG_WARN_UNREACHABLE_CODE = YES;
				CLANG_WARN__DUPLICATE_METHOD_MATCH = YES;
				COPY_PHASE_STRIP = NO;
				DEBUG_INFORMATION_FORMAT = "dwarf-with-dsym";
				ENABLE_NS_ASSERTIONS = NO;
				ENABLE_STRICT_OBJC_MSGSEND = YES;
				GCC_C_LANGUAGE_STANDARD = gnu11;
				GCC_NO_COMMON_BLOCKS = YES;
				GCC_WARN_64_TO_32_BIT_CONVERSION = YES;
				GCC_WARN_ABOUT_RETURN_TYPE = YES_ERROR;
				GCC_WARN_UNDECLARED_SELECTOR = YES;
				GCC_WARN_UNINITIALIZED_AUTOS = YES_AGGRESSIVE;
				GCC_WARN_UNUSED_FUNCTION = YES;
				GCC_WARN_UNUSED_VARIABLE = YES;
				IPHONEOS_DEPLOYMENT_TARGET = 14.5;
				MTL_ENABLE_DEBUG_INFO = NO;
				MTL_FAST_MATH = YES;
				SDKROOT = iphoneos;
				SWIFT_COMPILATION_MODE = wholemodule;
				SWIFT_OPTIMIZATION_LEVEL = "-O";
				VALIDATE_PRODUCT = YES;
			};
			name = Release;
		};
		DF6631F326BA3D88003A6F4D /* Debug */ = {
			isa = XCBuildConfiguration;
			baseConfigurationReference = AB8E57B1E7E2C792553E321D /* Pods-NextUp.debug.xcconfig */;
			buildSettings = {
				ASSETCATALOG_COMPILER_APPICON_NAME = AppIcon;
				ASSETCATALOG_COMPILER_GLOBAL_ACCENT_COLOR_NAME = AccentColor;
				CODE_SIGN_STYLE = Automatic;
				DEVELOPMENT_ASSET_PATHS = "\"NextUp/Preview Content\"";
				DEVELOPMENT_TEAM = 6YXFUY64CT;
				ENABLE_PREVIEWS = YES;
				INFOPLIST_FILE = NextUp/Info.plist;
				IPHONEOS_DEPLOYMENT_TARGET = 14.0;
				LD_RUNPATH_SEARCH_PATHS = (
					"$(inherited)",
					"@executable_path/Frameworks",
				);
				PRODUCT_BUNDLE_IDENTIFIER = dev.andronn.NextUp;
				PRODUCT_NAME = "$(TARGET_NAME)";
				SWIFT_VERSION = 5.0;
				TARGETED_DEVICE_FAMILY = "1,2";
			};
			name = Debug;
		};
		DF6631F426BA3D88003A6F4D /* Release */ = {
			isa = XCBuildConfiguration;
			baseConfigurationReference = 1D8F329022ECDB78B042FE35 /* Pods-NextUp.release.xcconfig */;
			buildSettings = {
				ASSETCATALOG_COMPILER_APPICON_NAME = AppIcon;
				ASSETCATALOG_COMPILER_GLOBAL_ACCENT_COLOR_NAME = AccentColor;
				CODE_SIGN_STYLE = Automatic;
				DEVELOPMENT_ASSET_PATHS = "\"NextUp/Preview Content\"";
				DEVELOPMENT_TEAM = 6YXFUY64CT;
				ENABLE_PREVIEWS = YES;
				INFOPLIST_FILE = NextUp/Info.plist;
				IPHONEOS_DEPLOYMENT_TARGET = 14.0;
				LD_RUNPATH_SEARCH_PATHS = (
					"$(inherited)",
					"@executable_path/Frameworks",
				);
				PRODUCT_BUNDLE_IDENTIFIER = dev.andronn.NextUp;
				PRODUCT_NAME = "$(TARGET_NAME)";
				SWIFT_VERSION = 5.0;
				TARGETED_DEVICE_FAMILY = "1,2";
			};
			name = Release;
		};
		DF6631F626BA3D88003A6F4D /* Debug */ = {
			isa = XCBuildConfiguration;
			baseConfigurationReference = C81BAF199A1BAE1F39AC524A /* Pods-NextUpTests.debug.xcconfig */;
			buildSettings = {
				ALWAYS_EMBED_SWIFT_STANDARD_LIBRARIES = YES;
				BUNDLE_LOADER = "$(TEST_HOST)";
				CODE_SIGN_STYLE = Automatic;
				DEVELOPMENT_TEAM = 6YXFUY64CT;
				INFOPLIST_FILE = NextUpTests/Info.plist;
				IPHONEOS_DEPLOYMENT_TARGET = 14.0;
				LD_RUNPATH_SEARCH_PATHS = (
					"$(inherited)",
					"@executable_path/Frameworks",
					"@loader_path/Frameworks",
				);
				PRODUCT_BUNDLE_IDENTIFIER = dev.andron.NextUpTests;
				PRODUCT_NAME = "$(TARGET_NAME)";
				SWIFT_VERSION = 5.0;
				TARGETED_DEVICE_FAMILY = "1,2";
				TEST_HOST = "$(BUILT_PRODUCTS_DIR)/NextUp.app/NextUp";
			};
			name = Debug;
		};
		DF6631F726BA3D88003A6F4D /* Release */ = {
			isa = XCBuildConfiguration;
			baseConfigurationReference = 08A247620072B61AC04AE6A5 /* Pods-NextUpTests.release.xcconfig */;
			buildSettings = {
				ALWAYS_EMBED_SWIFT_STANDARD_LIBRARIES = YES;
				BUNDLE_LOADER = "$(TEST_HOST)";
				CODE_SIGN_STYLE = Automatic;
				DEVELOPMENT_TEAM = 6YXFUY64CT;
				INFOPLIST_FILE = NextUpTests/Info.plist;
				IPHONEOS_DEPLOYMENT_TARGET = 14.0;
				LD_RUNPATH_SEARCH_PATHS = (
					"$(inherited)",
					"@executable_path/Frameworks",
					"@loader_path/Frameworks",
				);
				PRODUCT_BUNDLE_IDENTIFIER = dev.andron.NextUpTests;
				PRODUCT_NAME = "$(TARGET_NAME)";
				SWIFT_VERSION = 5.0;
				TARGETED_DEVICE_FAMILY = "1,2";
				TEST_HOST = "$(BUILT_PRODUCTS_DIR)/NextUp.app/NextUp";
			};
			name = Release;
		};
		DF6631F926BA3D88003A6F4D /* Debug */ = {
			isa = XCBuildConfiguration;
			baseConfigurationReference = 8144821CA2FBC67BD16B5C53 /* Pods-NextUp-NextUpUITests.debug.xcconfig */;
			buildSettings = {
				ALWAYS_EMBED_SWIFT_STANDARD_LIBRARIES = YES;
				CODE_SIGN_STYLE = Automatic;
				DEVELOPMENT_TEAM = 6YXFUY64CT;
				INFOPLIST_FILE = NextUpUITests/Info.plist;
				LD_RUNPATH_SEARCH_PATHS = (
					"$(inherited)",
					"@executable_path/Frameworks",
					"@loader_path/Frameworks",
				);
				PRODUCT_BUNDLE_IDENTIFIER = dev.andron.NextUpUITests;
				PRODUCT_NAME = "$(TARGET_NAME)";
				SWIFT_VERSION = 5.0;
				TARGETED_DEVICE_FAMILY = "1,2";
				TEST_TARGET_NAME = NextUp;
			};
			name = Debug;
		};
		DF6631FA26BA3D88003A6F4D /* Release */ = {
			isa = XCBuildConfiguration;
			baseConfigurationReference = 4D4068DB08216D539C9F515F /* Pods-NextUp-NextUpUITests.release.xcconfig */;
			buildSettings = {
				ALWAYS_EMBED_SWIFT_STANDARD_LIBRARIES = YES;
				CODE_SIGN_STYLE = Automatic;
				DEVELOPMENT_TEAM = 6YXFUY64CT;
				INFOPLIST_FILE = NextUpUITests/Info.plist;
				LD_RUNPATH_SEARCH_PATHS = (
					"$(inherited)",
					"@executable_path/Frameworks",
					"@loader_path/Frameworks",
				);
				PRODUCT_BUNDLE_IDENTIFIER = dev.andron.NextUpUITests;
				PRODUCT_NAME = "$(TARGET_NAME)";
				SWIFT_VERSION = 5.0;
				TARGETED_DEVICE_FAMILY = "1,2";
				TEST_TARGET_NAME = NextUp;
			};
			name = Release;
		};
/* End XCBuildConfiguration section */

/* Begin XCConfigurationList section */
		DF6631C826BA3D86003A6F4D /* Build configuration list for PBXProject "NextUp" */ = {
			isa = XCConfigurationList;
			buildConfigurations = (
				DF6631F026BA3D88003A6F4D /* Debug */,
				DF6631F126BA3D88003A6F4D /* Release */,
			);
			defaultConfigurationIsVisible = 0;
			defaultConfigurationName = Release;
		};
		DF6631F226BA3D88003A6F4D /* Build configuration list for PBXNativeTarget "NextUp" */ = {
			isa = XCConfigurationList;
			buildConfigurations = (
				DF6631F326BA3D88003A6F4D /* Debug */,
				DF6631F426BA3D88003A6F4D /* Release */,
			);
			defaultConfigurationIsVisible = 0;
			defaultConfigurationName = Release;
		};
		DF6631F526BA3D88003A6F4D /* Build configuration list for PBXNativeTarget "NextUpTests" */ = {
			isa = XCConfigurationList;
			buildConfigurations = (
				DF6631F626BA3D88003A6F4D /* Debug */,
				DF6631F726BA3D88003A6F4D /* Release */,
			);
			defaultConfigurationIsVisible = 0;
			defaultConfigurationName = Release;
		};
		DF6631F826BA3D88003A6F4D /* Build configuration list for PBXNativeTarget "NextUpUITests" */ = {
			isa = XCConfigurationList;
			buildConfigurations = (
				DF6631F926BA3D88003A6F4D /* Debug */,
				DF6631FA26BA3D88003A6F4D /* Release */,
			);
			defaultConfigurationIsVisible = 0;
			defaultConfigurationName = Release;
		};
/* End XCConfigurationList section */
	};
	rootObject = DF6631C526BA3D86003A6F4D /* Project object */;
}
